
Microsoft Visual Studio Solution File, Format Version 12.00
# Visual Studio Version 17
VisualStudioVersion = 17.3.32922.545
MinimumVisualStudioVersion = 10.0.40219.1
Project("{FAE04EC0-301F-11D3-BF4B-00C04F79EFBC}") = "Oefening1", "Oefening1\Oefening1.csproj", "{734811B1-9B76-45A0-9D76-00FF02BF480A}"
EndProject
Project("{2150E333-8FDC-42A3-9474-1A3956D46DE8}") = "Solution Items", "Solution Items", "{1952C0E3-7B16-44DF-9B51-6624EF5511B8}"
	ProjectSection(SolutionItems) = preProject
		Dier.cs = Dier.cs
	EndProjectSection
EndProject
Project("{FAE04EC0-301F-11D3-BF4B-00C04F79EFBC}") = "Oefening2", "Oefening2\Oefening2.csproj", "{3C623908-7BBF-4D8F-9B8A-F2032ED7AB46}"
EndProject
Project("{FAE04EC0-301F-11D3-BF4B-00C04F79EFBC}") = "Oefening3", "Oefening3\Oefening3.csproj", "{69F2C8AD-294B-461B-A036-350D42632FDB}"
EndProject
Global
	GlobalSection(SolutionConfigurationPlatforms) = preSolution
		Debug|Any CPU = Debug|Any CPU
		Release|Any CPU = Release|Any CPU
	EndGlobalSection
	GlobalSection(ProjectConfigurationPlatforms) = postSolution
		{734811B1-9B76-45A0-9D76-00FF02BF480A}.Debug|Any CPU.ActiveCfg = Debug|Any CPU
		{734811B1-9B76-45A0-9D76-00FF02BF480A}.Debug|Any CPU.Build.0 = Debug|Any CPU
		{734811B1-9B76-45A0-9D76-00FF02BF480A}.Release|Any CPU.ActiveCfg = Release|Any CPU
		{734811B1-9B76-45A0-9D76-00FF02BF480A}.Release|Any CPU.Build.0 = Release|Any CPU
		{3C623908-7BBF-4D8F-9B8A-F2032ED7AB46}.Debug|Any CPU.ActiveCfg = Debug|Any CPU
		{3C623908-7BBF-4D8F-9B8A-F2032ED7AB46}.Debug|Any CPU.Build.0 = Debug|Any CPU
		{3C623908-7BBF-4D8F-9B8A-F2032ED7AB46}.Release|Any CPU.ActiveCfg = Release|Any CPU
		{3C623908-7BBF-4D8F-9B8A-F2032ED7AB46}.Release|Any CPU.Build.0 = Release|Any CPU
		{69F2C8AD-294B-461B-A036-350D42632FDB}.Debug|Any CPU.ActiveCfg = Debug|Any CPU
		{69F2C8AD-294B-461B-A036-350D42632FDB}.Debug|Any CPU.Build.0 = Debug|Any CPU
		{69F2C8AD-294B-461B-A036-350D42632FDB}.Release|Any CPU.ActiveCfg = Release|Any CPU
		{69F2C8AD-294B-461B-A036-350D42632FDB}.Release|Any CPU.Build.0 = Release|Any CPU
	EndGlobalSection
	GlobalSection(SolutionProperties) = preSolution
		HideSolutionNode = FALSE
	EndGlobalSection
	GlobalSection(ExtensibilityGlobals) = postSolution
		SolutionGuid = {3A0C2BE7-99A5-41B7-A7F8-3688ED638AEB}
	EndGlobalSection
EndGlobal
